
Microsoft Visual Studio Solution File, Format Version 9.00
# Visual Studio 2005
Project("{FAE04EC0-301F-11D3-BF4B-00C04F79EFBC}") = "Cumberland", "cumberland\Cumberland.csproj", "{0F516D1A-446C-46E6-8AD0-7C6573C338D8}"
EndProject
Project("{FAE04EC0-301F-11D3-BF4B-00C04F79EFBC}") = "Cumberland.Tests", "Cumberland.Tests\Cumberland.Tests.csproj", "{102E6FF6-201B-4366-BE2B-6304EF756F2B}"
EndProject
Project("{FAE04EC0-301F-11D3-BF4B-00C04F79EFBC}") = "Cumberland.DrawMap", "Cumberland.DrawMap\Cumberland.DrawMap.csproj", "{05A6F104-D839-4B9C-B704-91F9BB608D73}"
EndProject
Project("{FAE04EC0-301F-11D3-BF4B-00C04F79EFBC}") = "Cumberland.GluWrap", "Cumberland.GluWrap\Cumberland.GluWrap.csproj", "{F33E8484-1638-4FB8-BBA4-30D46DD0EF54}"
EndProject
Project("{FAE04EC0-301F-11D3-BF4B-00C04F79EFBC}") = "Cumberland.TileViewerTest", "Cumberland.TileViewerTest\Cumberland.TileViewerTest.csproj", "{8E6E9F69-F1F5-46A1-BA6B-95A762F9CBC3}"
EndProject
Project("{FAE04EC0-301F-11D3-BF4B-00C04F79EFBC}") = "Cumberland.InteractiveMap", "Cumberland.InteractiveMap\Cumberland.InteractiveMap.csproj", "{9C7EB468-F7C6-440D-9CE5-6EF81223BDC3}"
EndProject
Global
	GlobalSection(SolutionConfigurationPlatforms) = preSolution
		Debug|Any CPU = Debug|Any CPU
		Release|Any CPU = Release|Any CPU
	EndGlobalSection
	GlobalSection(ProjectConfigurationPlatforms) = postSolution
		{05A6F104-D839-4B9C-B704-91F9BB608D73}.Debug|Any CPU.ActiveCfg = Debug|Any CPU
		{05A6F104-D839-4B9C-B704-91F9BB608D73}.Debug|Any CPU.Build.0 = Debug|Any CPU
		{05A6F104-D839-4B9C-B704-91F9BB608D73}.Release|Any CPU.ActiveCfg = Release|Any CPU
		{05A6F104-D839-4B9C-B704-91F9BB608D73}.Release|Any CPU.Build.0 = Release|Any CPU
		{0F516D1A-446C-46E6-8AD0-7C6573C338D8}.Debug|Any CPU.ActiveCfg = Debug|Any CPU
		{0F516D1A-446C-46E6-8AD0-7C6573C338D8}.Debug|Any CPU.Build.0 = Debug|Any CPU
		{0F516D1A-446C-46E6-8AD0-7C6573C338D8}.Release|Any CPU.ActiveCfg = Release|Any CPU
		{0F516D1A-446C-46E6-8AD0-7C6573C338D8}.Release|Any CPU.Build.0 = Release|Any CPU
		{102E6FF6-201B-4366-BE2B-6304EF756F2B}.Debug|Any CPU.ActiveCfg = Debug|Any CPU
		{102E6FF6-201B-4366-BE2B-6304EF756F2B}.Release|Any CPU.ActiveCfg = Release|Any CPU
		{8E6E9F69-F1F5-46A1-BA6B-95A762F9CBC3}.Debug|Any CPU.ActiveCfg = Debug|Any CPU
		{8E6E9F69-F1F5-46A1-BA6B-95A762F9CBC3}.Release|Any CPU.ActiveCfg = Release|Any CPU
		{9C7EB468-F7C6-440D-9CE5-6EF81223BDC3}.Debug|Any CPU.ActiveCfg = Debug|Any CPU
		{9C7EB468-F7C6-440D-9CE5-6EF81223BDC3}.Debug|Any CPU.Build.0 = Debug|Any CPU
		{9C7EB468-F7C6-440D-9CE5-6EF81223BDC3}.Release|Any CPU.ActiveCfg = Release|Any CPU
		{9C7EB468-F7C6-440D-9CE5-6EF81223BDC3}.Release|Any CPU.Build.0 = Release|Any CPU
		{F33E8484-1638-4FB8-BBA4-30D46DD0EF54}.Debug|Any CPU.ActiveCfg = Debug|Any CPU
		{F33E8484-1638-4FB8-BBA4-30D46DD0EF54}.Debug|Any CPU.Build.0 = Debug|Any CPU
		{F33E8484-1638-4FB8-BBA4-30D46DD0EF54}.Release|Any CPU.ActiveCfg = Release|Any CPU
		{F33E8484-1638-4FB8-BBA4-30D46DD0EF54}.Release|Any CPU.Build.0 = Release|Any CPU
	EndGlobalSection
	GlobalSection(MonoDevelopProperties) = preSolution
		name = cumberland
		version = 0.1
		StartupItem = Cumberland.TileViewerTest\Cumberland.TileViewerTest.csproj
		MonoDevelop.ChangeLogAddIn.ChangeLogInfo = $0
		$0.policy = UpdateNearestChangeLog
	EndGlobalSection
EndGlobal
